
Microsoft Visual Studio Solution File, Format Version 12.00
# Visual Studio Version 16
VisualStudioVersion = 16.0.29201.188
MinimumVisualStudioVersion = 10.0.40219.1
Project("{9A19103F-16F7-4668-BE54-9A1E7A4F7556}") = "GrabCAD.API", "GrabCAD.API\GrabCAD.API.csproj", "{4456E2BD-D02B-4805-9323-46390FD81CF8}"
EndProject
Project("{9A19103F-16F7-4668-BE54-9A1E7A4F7556}") = "GrabCAD.UnitTests", "GrabCAD.UnitTests\GrabCAD.UnitTests.csproj", "{CE6DD485-7247-4417-9FCC-4F4DB22842C6}"
EndProject
Project("{9A19103F-16F7-4668-BE54-9A1E7A4F7556}") = "GrabCAD.Configuration", "GrabCAD.Configuration\GrabCAD.Configuration.csproj", "{104867FF-58DC-4DD2-A616-A01622B48B58}"
EndProject
Global
	GlobalSection(SolutionConfigurationPlatforms) = preSolution
		Debug|Any CPU = Debug|Any CPU
		Release|Any CPU = Release|Any CPU
	EndGlobalSection
	GlobalSection(ProjectConfigurationPlatforms) = postSolution
		{4456E2BD-D02B-4805-9323-46390FD81CF8}.Debug|Any CPU.ActiveCfg = Debug|Any CPU
		{4456E2BD-D02B-4805-9323-46390FD81CF8}.Debug|Any CPU.Build.0 = Debug|Any CPU
		{4456E2BD-D02B-4805-9323-46390FD81CF8}.Release|Any CPU.ActiveCfg = Release|Any CPU
		{4456E2BD-D02B-4805-9323-46390FD81CF8}.Release|Any CPU.Build.0 = Release|Any CPU
		{CE6DD485-7247-4417-9FCC-4F4DB22842C6}.Debug|Any CPU.ActiveCfg = Debug|Any CPU
		{CE6DD485-7247-4417-9FCC-4F4DB22842C6}.Debug|Any CPU.Build.0 = Debug|Any CPU
		{CE6DD485-7247-4417-9FCC-4F4DB22842C6}.Release|Any CPU.ActiveCfg = Release|Any CPU
		{CE6DD485-7247-4417-9FCC-4F4DB22842C6}.Release|Any CPU.Build.0 = Release|Any CPU
		{104867FF-58DC-4DD2-A616-A01622B48B58}.Debug|Any CPU.ActiveCfg = Debug|Any CPU
		{104867FF-58DC-4DD2-A616-A01622B48B58}.Debug|Any CPU.Build.0 = Debug|Any CPU
		{104867FF-58DC-4DD2-A616-A01622B48B58}.Release|Any CPU.ActiveCfg = Release|Any CPU
		{104867FF-58DC-4DD2-A616-A01622B48B58}.Release|Any CPU.Build.0 = Release|Any CPU
	EndGlobalSection
	GlobalSection(SolutionProperties) = preSolution
		HideSolutionNode = FALSE
	EndGlobalSection
	GlobalSection(ExtensibilityGlobals) = postSolution
		SolutionGuid = {8B306ED3-FCC9-4470-8D20-A428614B9B74}
	EndGlobalSection
EndGlobal
